
Microsoft Visual Studio Solution File, Format Version 12.00
# Visual Studio Version 16
VisualStudioVersion = 16.0.29326.143
MinimumVisualStudioVersion = 10.0.40219.1
Project("{FAE04EC0-301F-11D3-BF4B-00C04F79EFBC}") = "HebNavi.UWP", "HebNavi\HebNavi.UWP\HebNavi.UWP.csproj", "{76C7C0DA-A58A-47A7-9F6D-5EEDC09E4D95}"
EndProject
Project("{FAE04EC0-301F-11D3-BF4B-00C04F79EFBC}") = "HebNavi.Android", "HebNavi\HebNavi.Android\HebNavi.Android.csproj", "{9EF3CA10-543E-4EDA-A8F3-EF6F8678F98D}"
EndProject
Project("{FAE04EC0-301F-11D3-BF4B-00C04F79EFBC}") = "HebNavi.iOS", "HebNavi\HebNavi.iOS\HebNavi.iOS.csproj", "{867ED053-F94D-4A03-921D-B1F749EB7BFD}"
EndProject
Project("{FAE04EC0-301F-11D3-BF4B-00C04F79EFBC}") = "HebNavi", "HebNavi\HebNavi\HebNavi.csproj", "{63D2F9B5-F202-4B6F-B843-F1DA5D1BF5F9}"
EndProject
Global
	GlobalSection(SolutionConfigurationPlatforms) = preSolution
		Debug|Any CPU = Debug|Any CPU
		Debug|ARM = Debug|ARM
		Debug|iPhone = Debug|iPhone
		Debug|iPhoneSimulator = Debug|iPhoneSimulator
		Debug|x64 = Debug|x64
		Debug|x86 = Debug|x86
		Release|Any CPU = Release|Any CPU
		Release|ARM = Release|ARM
		Release|iPhone = Release|iPhone
		Release|iPhoneSimulator = Release|iPhoneSimulator
		Release|x64 = Release|x64
		Release|x86 = Release|x86
	EndGlobalSection
	GlobalSection(ProjectConfigurationPlatforms) = postSolution
		{76C7C0DA-A58A-47A7-9F6D-5EEDC09E4D95}.Debug|Any CPU.ActiveCfg = Debug|x86
		{76C7C0DA-A58A-47A7-9F6D-5EEDC09E4D95}.Debug|Any CPU.Build.0 = Debug|x86
		{76C7C0DA-A58A-47A7-9F6D-5EEDC09E4D95}.Debug|Any CPU.Deploy.0 = Debug|x86
		{76C7C0DA-A58A-47A7-9F6D-5EEDC09E4D95}.Debug|ARM.ActiveCfg = Debug|ARM
		{76C7C0DA-A58A-47A7-9F6D-5EEDC09E4D95}.Debug|ARM.Build.0 = Debug|ARM
		{76C7C0DA-A58A-47A7-9F6D-5EEDC09E4D95}.Debug|ARM.Deploy.0 = Debug|ARM
		{76C7C0DA-A58A-47A7-9F6D-5EEDC09E4D95}.Debug|iPhone.ActiveCfg = Debug|x86
		{76C7C0DA-A58A-47A7-9F6D-5EEDC09E4D95}.Debug|iPhone.Build.0 = Debug|x86
		{76C7C0DA-A58A-47A7-9F6D-5EEDC09E4D95}.Debug|iPhone.Deploy.0 = Debug|x86
		{76C7C0DA-A58A-47A7-9F6D-5EEDC09E4D95}.Debug|iPhoneSimulator.ActiveCfg = Debug|x86
		{76C7C0DA-A58A-47A7-9F6D-5EEDC09E4D95}.Debug|iPhoneSimulator.Build.0 = Debug|x86
		{76C7C0DA-A58A-47A7-9F6D-5EEDC09E4D95}.Debug|iPhoneSimulator.Deploy.0 = Debug|x86
		{76C7C0DA-A58A-47A7-9F6D-5EEDC09E4D95}.Debug|x64.ActiveCfg = Debug|x64
		{76C7C0DA-A58A-47A7-9F6D-5EEDC09E4D95}.Debug|x64.Build.0 = Debug|x64
		{76C7C0DA-A58A-47A7-9F6D-5EEDC09E4D95}.Debug|x64.Deploy.0 = Debug|x64
		{76C7C0DA-A58A-47A7-9F6D-5EEDC09E4D95}.Debug|x86.ActiveCfg = Debug|x86
		{76C7C0DA-A58A-47A7-9F6D-5EEDC09E4D95}.Debug|x86.Build.0 = Debug|x86
		{76C7C0DA-A58A-47A7-9F6D-5EEDC09E4D95}.Debug|x86.Deploy.0 = Debug|x86
		{76C7C0DA-A58A-47A7-9F6D-5EEDC09E4D95}.Release|Any CPU.ActiveCfg = Release|x86
		{76C7C0DA-A58A-47A7-9F6D-5EEDC09E4D95}.Release|Any CPU.Build.0 = Release|x86
		{76C7C0DA-A58A-47A7-9F6D-5EEDC09E4D95}.Release|Any CPU.Deploy.0 = Release|x86
		{76C7C0DA-A58A-47A7-9F6D-5EEDC09E4D95}.Release|ARM.ActiveCfg = Release|ARM
		{76C7C0DA-A58A-47A7-9F6D-5EEDC09E4D95}.Release|ARM.Build.0 = Release|ARM
		{76C7C0DA-A58A-47A7-9F6D-5EEDC09E4D95}.Release|ARM.Deploy.0 = Release|ARM
		{76C7C0DA-A58A-47A7-9F6D-5EEDC09E4D95}.Release|iPhone.ActiveCfg = Release|x86
		{76C7C0DA-A58A-47A7-9F6D-5EEDC09E4D95}.Release|iPhone.Build.0 = Release|x86
		{76C7C0DA-A58A-47A7-9F6D-5EEDC09E4D95}.Release|iPhone.Deploy.0 = Release|x86
		{76C7C0DA-A58A-47A7-9F6D-5EEDC09E4D95}.Release|iPhoneSimulator.ActiveCfg = Release|x86
		{76C7C0DA-A58A-47A7-9F6D-5EEDC09E4D95}.Release|iPhoneSimulator.Build.0 = Release|x86
		{76C7C0DA-A58A-47A7-9F6D-5EEDC09E4D95}.Release|iPhoneSimulator.Deploy.0 = Release|x86
		{76C7C0DA-A58A-47A7-9F6D-5EEDC09E4D95}.Release|x64.ActiveCfg = Release|x64
		{76C7C0DA-A58A-47A7-9F6D-5EEDC09E4D95}.Release|x64.Build.0 = Release|x64
		{76C7C0DA-A58A-47A7-9F6D-5EEDC09E4D95}.Release|x64.Deploy.0 = Release|x64
		{76C7C0DA-A58A-47A7-9F6D-5EEDC09E4D95}.Release|x86.ActiveCfg = Release|x86
		{76C7C0DA-A58A-47A7-9F6D-5EEDC09E4D95}.Release|x86.Build.0 = Release|x86
		{76C7C0DA-A58A-47A7-9F6D-5EEDC09E4D95}.Release|x86.Deploy.0 = Release|x86
		{9EF3CA10-543E-4EDA-A8F3-EF6F8678F98D}.Debug|Any CPU.ActiveCfg = Debug|Any CPU
		{9EF3CA10-543E-4EDA-A8F3-EF6F8678F98D}.Debug|Any CPU.Build.0 = Debug|Any CPU
		{9EF3CA10-543E-4EDA-A8F3-EF6F8678F98D}.Debug|Any CPU.Deploy.0 = Debug|Any CPU
		{9EF3CA10-543E-4EDA-A8F3-EF6F8678F98D}.Debug|ARM.ActiveCfg = Debug|Any CPU
		{9EF3CA10-543E-4EDA-A8F3-EF6F8678F98D}.Debug|ARM.Build.0 = Debug|Any CPU
		{9EF3CA10-543E-4EDA-A8F3-EF6F8678F98D}.Debug|ARM.Deploy.0 = Debug|Any CPU
		{9EF3CA10-543E-4EDA-A8F3-EF6F8678F98D}.Debug|iPhone.ActiveCfg = Debug|Any CPU
		{9EF3CA10-543E-4EDA-A8F3-EF6F8678F98D}.Debug|iPhone.Build.0 = Debug|Any CPU
		{9EF3CA10-543E-4EDA-A8F3-EF6F8678F98D}.Debug|iPhone.Deploy.0 = Debug|Any CPU
		{9EF3CA10-543E-4EDA-A8F3-EF6F8678F98D}.Debug|iPhoneSimulator.ActiveCfg = Debug|Any CPU
		{9EF3CA10-543E-4EDA-A8F3-EF6F8678F98D}.Debug|iPhoneSimulator.Build.0 = Debug|Any CPU
		{9EF3CA10-543E-4EDA-A8F3-EF6F8678F98D}.Debug|iPhoneSimulator.Deploy.0 = Debug|Any CPU
		{9EF3CA10-543E-4EDA-A8F3-EF6F8678F98D}.Debug|x64.ActiveCfg = Debug|Any CPU
		{9EF3CA10-543E-4EDA-A8F3-EF6F8678F98D}.Debug|x64.Build.0 = Debug|Any CPU
		{9EF3CA10-543E-4EDA-A8F3-EF6F8678F98D}.Debug|x64.Deploy.0 = Debug|Any CPU
		{9EF3CA10-543E-4EDA-A8F3-EF6F8678F98D}.Debug|x86.ActiveCfg = Debug|Any CPU
		{9EF3CA10-543E-4EDA-A8F3-EF6F8678F98D}.Debug|x86.Build.0 = Debug|Any CPU
		{9EF3CA10-543E-4EDA-A8F3-EF6F8678F98D}.Debug|x86.Deploy.0 = Debug|Any CPU
		{9EF3CA10-543E-4EDA-A8F3-EF6F8678F98D}.Release|Any CPU.ActiveCfg = Release|Any CPU
		{9EF3CA10-543E-4EDA-A8F3-EF6F8678F98D}.Release|Any CPU.Build.0 = Release|Any CPU
		{9EF3CA10-543E-4EDA-A8F3-EF6F8678F98D}.Release|Any CPU.Deploy.0 = Release|Any CPU
		{9EF3CA10-543E-4EDA-A8F3-EF6F8678F98D}.Release|ARM.ActiveCfg = Release|Any CPU
		{9EF3CA10-543E-4EDA-A8F3-EF6F8678F98D}.Release|ARM.Build.0 = Release|Any CPU
		{9EF3CA10-543E-4EDA-A8F3-EF6F8678F98D}.Release|ARM.Deploy.0 = Release|Any CPU
		{9EF3CA10-543E-4EDA-A8F3-EF6F8678F98D}.Release|iPhone.ActiveCfg = Release|Any CPU
		{9EF3CA10-543E-4EDA-A8F3-EF6F8678F98D}.Release|iPhone.Build.0 = Release|Any CPU
		{9EF3CA10-543E-4EDA-A8F3-EF6F8678F98D}.Release|iPhone.Deploy.0 = Release|Any CPU
		{9EF3CA10-543E-4EDA-A8F3-EF6F8678F98D}.Release|iPhoneSimulator.ActiveCfg = Release|Any CPU
		{9EF3CA10-543E-4EDA-A8F3-EF6F8678F98D}.Release|iPhoneSimulator.Build.0 = Release|Any CPU
		{9EF3CA10-543E-4EDA-A8F3-EF6F8678F98D}.Release|iPhoneSimulator.Deploy.0 = Release|Any CPU
		{9EF3CA10-543E-4EDA-A8F3-EF6F8678F98D}.Release|x64.ActiveCfg = Release|Any CPU
		{9EF3CA10-543E-4EDA-A8F3-EF6F8678F98D}.Release|x64.Build.0 = Release|Any CPU
		{9EF3CA10-543E-4EDA-A8F3-EF6F8678F98D}.Release|x64.Deploy.0 = Release|Any CPU
		{9EF3CA10-543E-4EDA-A8F3-EF6F8678F98D}.Release|x86.ActiveCfg = Release|Any CPU
		{9EF3CA10-543E-4EDA-A8F3-EF6F8678F98D}.Release|x86.Build.0 = Release|Any CPU
		{9EF3CA10-543E-4EDA-A8F3-EF6F8678F98D}.Release|x86.Deploy.0 = Release|Any CPU
		{867ED053-F94D-4A03-921D-B1F749EB7BFD}.Debug|Any CPU.ActiveCfg = Debug|iPhone
		{867ED053-F94D-4A03-921D-B1F749EB7BFD}.Debug|Any CPU.Build.0 = Debug|iPhone
		{867ED053-F94D-4A03-921D-B1F749EB7BFD}.Debug|Any CPU.Deploy.0 = Debug|iPhone
		{867ED053-F94D-4A03-921D-B1F749EB7BFD}.Debug|ARM.ActiveCfg = Debug|iPhoneSimulator
		{867ED053-F94D-4A03-921D-B1F749EB7BFD}.Debug|ARM.Build.0 = Debug|iPhoneSimulator
		{867ED053-F94D-4A03-921D-B1F749EB7BFD}.Debug|ARM.Deploy.0 = Debug|iPhoneSimulator
		{867ED053-F94D-4A03-921D-B1F749EB7BFD}.Debug|iPhone.ActiveCfg = Debug|iPhone
		{867ED053-F94D-4A03-921D-B1F749EB7BFD}.Debug|iPhone.Build.0 = Debug|iPhone
		{867ED053-F94D-4A03-921D-B1F749EB7BFD}.Debug|iPhone.Deploy.0 = Debug|iPhone
		{867ED053-F94D-4A03-921D-B1F749EB7BFD}.Debug|iPhoneSimulator.ActiveCfg = Debug|iPhoneSimulator
		{867ED053-F94D-4A03-921D-B1F749EB7BFD}.Debug|iPhoneSimulator.Build.0 = Debug|iPhoneSimulator
		{867ED053-F94D-4A03-921D-B1F749EB7BFD}.Debug|iPhoneSimulator.Deploy.0 = Debug|iPhoneSimulator
		{867ED053-F94D-4A03-921D-B1F749EB7BFD}.Debug|x64.ActiveCfg = Debug|iPhone
		{867ED053-F94D-4A03-921D-B1F749EB7BFD}.Debug|x64.Build.0 = Debug|iPhone
		{867ED053-F94D-4A03-921D-B1F749EB7BFD}.Debug|x64.Deploy.0 = Debug|iPhone
		{867ED053-F94D-4A03-921D-B1F749EB7BFD}.Debug|x86.ActiveCfg = Debug|iPhone
		{867ED053-F94D-4A03-921D-B1F749EB7BFD}.Debug|x86.Build.0 = Debug|iPhone
		{867ED053-F94D-4A03-921D-B1F749EB7BFD}.Debug|x86.Deploy.0 = Debug|iPhone
		{867ED053-F94D-4A03-921D-B1F749EB7BFD}.Release|Any CPU.ActiveCfg = Release|iPhone
		{867ED053-F94D-4A03-921D-B1F749EB7BFD}.Release|Any CPU.Build.0 = Release|iPhone
		{867ED053-F94D-4A03-921D-B1F749EB7BFD}.Release|Any CPU.Deploy.0 = Release|iPhone
		{867ED053-F94D-4A03-921D-B1F749EB7BFD}.Release|ARM.ActiveCfg = Release|iPhone
		{867ED053-F94D-4A03-921D-B1F749EB7BFD}.Release|ARM.Build.0 = Release|iPhone
		{867ED053-F94D-4A03-921D-B1F749EB7BFD}.Release|ARM.Deploy.0 = Release|iPhone
		{867ED053-F94D-4A03-921D-B1F749EB7BFD}.Release|iPhone.ActiveCfg = Release|iPhone
		{867ED053-F94D-4A03-921D-B1F749EB7BFD}.Release|iPhone.Build.0 = Release|iPhone
		{867ED053-F94D-4A03-921D-B1F749EB7BFD}.Release|iPhone.Deploy.0 = Release|iPhone
		{867ED053-F94D-4A03-921D-B1F749EB7BFD}.Release|iPhoneSimulator.ActiveCfg = Release|iPhoneSimulator
		{867ED053-F94D-4A03-921D-B1F749EB7BFD}.Release|iPhoneSimulator.Build.0 = Release|iPhoneSimulator
		{867ED053-F94D-4A03-921D-B1F749EB7BFD}.Release|iPhoneSimulator.Deploy.0 = Release|iPhoneSimulator
		{867ED053-F94D-4A03-921D-B1F749EB7BFD}.Release|x64.ActiveCfg = Release|iPhone
		{867ED053-F94D-4A03-921D-B1F749EB7BFD}.Release|x64.Build.0 = Release|iPhone
		{867ED053-F94D-4A03-921D-B1F749EB7BFD}.Release|x64.Deploy.0 = Release|iPhone
		{867ED053-F94D-4A03-921D-B1F749EB7BFD}.Release|x86.ActiveCfg = Release|iPhone
		{867ED053-F94D-4A03-921D-B1F749EB7BFD}.Release|x86.Build.0 = Release|iPhone
		{867ED053-F94D-4A03-921D-B1F749EB7BFD}.Release|x86.Deploy.0 = Release|iPhone
		{63D2F9B5-F202-4B6F-B843-F1DA5D1BF5F9}.Debug|Any CPU.ActiveCfg = Debug|Any CPU
		{63D2F9B5-F202-4B6F-B843-F1DA5D1BF5F9}.Debug|Any CPU.Build.0 = Debug|Any CPU
		{63D2F9B5-F202-4B6F-B843-F1DA5D1BF5F9}.Debug|Any CPU.Deploy.0 = Debug|Any CPU
		{63D2F9B5-F202-4B6F-B843-F1DA5D1BF5F9}.Debug|ARM.ActiveCfg = Debug|Any CPU
		{63D2F9B5-F202-4B6F-B843-F1DA5D1BF5F9}.Debug|ARM.Build.0 = Debug|Any CPU
		{63D2F9B5-F202-4B6F-B843-F1DA5D1BF5F9}.Debug|ARM.Deploy.0 = Debug|Any CPU
		{63D2F9B5-F202-4B6F-B843-F1DA5D1BF5F9}.Debug|iPhone.ActiveCfg = Debug|Any CPU
		{63D2F9B5-F202-4B6F-B843-F1DA5D1BF5F9}.Debug|iPhone.Build.0 = Debug|Any CPU
		{63D2F9B5-F202-4B6F-B843-F1DA5D1BF5F9}.Debug|iPhone.Deploy.0 = Debug|Any CPU
		{63D2F9B5-F202-4B6F-B843-F1DA5D1BF5F9}.Debug|iPhoneSimulator.ActiveCfg = Debug|Any CPU
		{63D2F9B5-F202-4B6F-B843-F1DA5D1BF5F9}.Debug|iPhoneSimulator.Build.0 = Debug|Any CPU
		{63D2F9B5-F202-4B6F-B843-F1DA5D1BF5F9}.Debug|iPhoneSimulator.Deploy.0 = Debug|Any CPU
		{63D2F9B5-F202-4B6F-B843-F1DA5D1BF5F9}.Debug|x64.ActiveCfg = Debug|Any CPU
		{63D2F9B5-F202-4B6F-B843-F1DA5D1BF5F9}.Debug|x64.Build.0 = Debug|Any CPU
		{63D2F9B5-F202-4B6F-B843-F1DA5D1BF5F9}.Debug|x64.Deploy.0 = Debug|Any CPU
		{63D2F9B5-F202-4B6F-B843-F1DA5D1BF5F9}.Debug|x86.ActiveCfg = Debug|Any CPU
		{63D2F9B5-F202-4B6F-B843-F1DA5D1BF5F9}.Debug|x86.Build.0 = Debug|Any CPU
		{63D2F9B5-F202-4B6F-B843-F1DA5D1BF5F9}.Debug|x86.Deploy.0 = Debug|Any CPU
		{63D2F9B5-F202-4B6F-B843-F1DA5D1BF5F9}.Release|Any CPU.ActiveCfg = Release|Any CPU
		{63D2F9B5-F202-4B6F-B843-F1DA5D1BF5F9}.Release|Any CPU.Build.0 = Release|Any CPU
		{63D2F9B5-F202-4B6F-B843-F1DA5D1BF5F9}.Release|Any CPU.Deploy.0 = Release|Any CPU
		{63D2F9B5-F202-4B6F-B843-F1DA5D1BF5F9}.Release|ARM.ActiveCfg = Release|Any CPU
		{63D2F9B5-F202-4B6F-B843-F1DA5D1BF5F9}.Release|ARM.Build.0 = Release|Any CPU
		{63D2F9B5-F202-4B6F-B843-F1DA5D1BF5F9}.Release|ARM.Deploy.0 = Release|Any CPU
		{63D2F9B5-F202-4B6F-B843-F1DA5D1BF5F9}.Release|iPhone.ActiveCfg = Release|Any CPU
		{63D2F9B5-F202-4B6F-B843-F1DA5D1BF5F9}.Release|iPhone.Build.0 = Release|Any CPU
		{63D2F9B5-F202-4B6F-B843-F1DA5D1BF5F9}.Release|iPhone.Deploy.0 = Release|Any CPU
		{63D2F9B5-F202-4B6F-B843-F1DA5D1BF5F9}.Release|iPhoneSimulator.ActiveCfg = Release|Any CPU
		{63D2F9B5-F202-4B6F-B843-F1DA5D1BF5F9}.Release|iPhoneSimulator.Build.0 = Release|Any CPU
		{63D2F9B5-F202-4B6F-B843-F1DA5D1BF5F9}.Release|iPhoneSimulator.Deploy.0 = Release|Any CPU
		{63D2F9B5-F202-4B6F-B843-F1DA5D1BF5F9}.Release|x64.ActiveCfg = Release|Any CPU
		{63D2F9B5-F202-4B6F-B843-F1DA5D1BF5F9}.Release|x64.Build.0 = Release|Any CPU
		{63D2F9B5-F202-4B6F-B843-F1DA5D1BF5F9}.Release|x64.Deploy.0 = Release|Any CPU
		{63D2F9B5-F202-4B6F-B843-F1DA5D1BF5F9}.Release|x86.ActiveCfg = Release|Any CPU
		{63D2F9B5-F202-4B6F-B843-F1DA5D1BF5F9}.Release|x86.Build.0 = Release|Any CPU
		{63D2F9B5-F202-4B6F-B843-F1DA5D1BF5F9}.Release|x86.Deploy.0 = Release|Any CPU
	EndGlobalSection
	GlobalSection(SolutionProperties) = preSolution
		HideSolutionNode = FALSE
	EndGlobalSection
	GlobalSection(ExtensibilityGlobals) = postSolution
		SolutionGuid = {FD212D34-B455-42D8-80F1-87FC643F9580}
	EndGlobalSection
EndGlobal
